
Microsoft Visual Studio Solution File, Format Version 12.00
# Visual Studio Version 16
VisualStudioVersion = 16.0.30804.86
MinimumVisualStudioVersion = 10.0.40219.1
Project("{FAE04EC0-301F-11D3-BF4B-00C04F79EFBC}") = "JwtAuth", "JwtAuth\JwtAuth.csproj", "{7287F615-0A67-4808-8AD4-645FFC316663}"
EndProject
Global
	GlobalSection(SolutionConfigurationPlatforms) = preSolution
		Debug|Any CPU = Debug|Any CPU
		Release|Any CPU = Release|Any CPU
	EndGlobalSection
	GlobalSection(ProjectConfigurationPlatforms) = postSolution
		{7287F615-0A67-4808-8AD4-645FFC316663}.Debug|Any CPU.ActiveCfg = Debug|Any CPU
		{7287F615-0A67-4808-8AD4-645FFC316663}.Debug|Any CPU.Build.0 = Debug|Any CPU
		{7287F615-0A67-4808-8AD4-645FFC316663}.Release|Any CPU.ActiveCfg = Release|Any CPU
		{7287F615-0A67-4808-8AD4-645FFC316663}.Release|Any CPU.Build.0 = Release|Any CPU
	EndGlobalSection
	GlobalSection(SolutionProperties) = preSolution
		HideSolutionNode = FALSE
	EndGlobalSection
	GlobalSection(ExtensibilityGlobals) = postSolution
		SolutionGuid = {3A28E952-EADF-4263-BED9-2FC21B2E6CDA}
	EndGlobalSection
EndGlobal
